
Microsoft Visual Studio Solution File, Format Version 12.00
# Visual Studio 15
VisualStudioVersion = 15.0.26730.16
MinimumVisualStudioVersion = 10.0.40219.1
Project("{FAE04EC0-301F-11D3-BF4B-00C04F79EFBC}") = "Csharp_NewFeatures", "Csharp_NewFeatures\Csharp_NewFeatures.csproj", "{C26DBACB-842B-4DE3-A1B8-638F82484E41}"
EndProject
Global
	GlobalSection(SolutionConfigurationPlatforms) = preSolution
		Debug|Any CPU = Debug|Any CPU
		Release|Any CPU = Release|Any CPU
	EndGlobalSection
	GlobalSection(ProjectConfigurationPlatforms) = postSolution
		{C26DBACB-842B-4DE3-A1B8-638F82484E41}.Debug|Any CPU.ActiveCfg = Debug|Any CPU
		{C26DBACB-842B-4DE3-A1B8-638F82484E41}.Debug|Any CPU.Build.0 = Debug|Any CPU
		{C26DBACB-842B-4DE3-A1B8-638F82484E41}.Release|Any CPU.ActiveCfg = Release|Any CPU
		{C26DBACB-842B-4DE3-A1B8-638F82484E41}.Release|Any CPU.Build.0 = Release|Any CPU
	EndGlobalSection
	GlobalSection(SolutionProperties) = preSolution
		HideSolutionNode = FALSE
	EndGlobalSection
	GlobalSection(ExtensibilityGlobals) = postSolution
		SolutionGuid = {77517B43-17E8-4260-BEB9-F64AE4DBF1DF}
	EndGlobalSection
EndGlobal
